{
  "name": "nightlemon-portfolio",
  "version": "1.0.0",
  "lockfileVersion": 3,
  "requires": true,
  "packages": {
    "": {
      "name": "nightlemon-portfolio",
      "version": "1.0.0",
      "devDependencies": {
        "github-markdown-css": "^5.9.0",
        "marked": "^18.0.13",
        "playwright": "^1.63.0",
        "prettier": "^4.0.0-alpha.13"
      }
    },
    "node_modules/github-markdown-css": {
      "version": "5.9.0",
      "resolved": "https://ms-feed-25.pkgs.visualstudio.com/1es-public/_packaging/npm-public/npm/registry/github-markdown-css/-/github-markdown-css-5.9.0.tgz",
      "integrity": "sha1-vyp9jyy607yJhArKek69XWwtI+M=",
      "dev": true,
      "license": "MIT",
      "engines": {
        "node": ">=10"
      },
      "funding": {
        "url": "https://github.com/sponsors/sindresorhus"
      }
    },
    "node_modules/marked": {
      "version": "18.0.13",
      "resolved": "https://ms-feed-25.pkgs.visualstudio.com/1es-public/_packaging/npm-public/npm/registry/marked/-/marked-18.0.13.tgz",
      "integrity": "sha512-xTxVzZsBFwunP6HDmtBkabUQEYArnP7/rMDGmPj9SlrKlQ4i8MdYVow+nJL0eOqwpUqhzBoTBRADGN6uYwPyOw==",
      "dev": true,
      "license": "MIT",
      "bin": {
        "marked": "bin/marked.js"
      },
      "engines": {
        "node": ">= 20"
      }
    },
    "node_modules/playwright": {
      "version": "1.63.0",
      "resolved": "https://ms-feed-25.pkgs.visualstudio.com/1es-public/_packaging/npm-public/npm/registry/playwright/-/playwright-1.63.0.tgz",
      "integrity": "sha1-mbVvn2mxtwxE8Av4Sy/lI0iuJRE=",
      "dev": true,
      "license": "Apache-2.0",
      "dependencies": {
        "playwright-core": "1.63.0"
      },
      "bin": {
        "playwright": "cli.js"
      },
      "engines": {
        "node": ">=20"
      }
    },
    "node_modules/playwright-core": {
      "version": "1.63.0",
      "resolved": "https://ms-feed-25.pkgs.visualstudio.com/1es-public/_packaging/npm-public/npm/registry/playwright-core/-/playwright-core-1.63.0.tgz",
      "integrity": "sha1-5XZlvDKEbCE6w5oeTVvGIo52s3Y=",
      "dev": true,
      "license": "Apache-2.0",
      "bin": {
        "playwright-core": "cli.js"
      },
      "engines": {
        "node": ">=20"
      }
    },
    "node_modules/prettier": {
      "version": "4.0.0-alpha.13",
      "resolved": "https://ms-feed-25.pkgs.visualstudio.com/1es-public/_packaging/npm-public/npm/registry/prettier/-/prettier-4.0.0-alpha.13.tgz",
      "integrity": "sha1-A9y9zOwqcu7Q9+1InVttchU3dP0=",
      "dev": true,
      "license": "MIT",
      "bin": {
        "prettier": "bin/prettier.cjs"
      },
      "engines": {
        "node": ">=18"
      },
      "funding": {
        "url": "https://github.com/prettier/prettier?sponsor=1"
      }
    }
  }
}
